
Microsoft Visual Studio Solution File, Format Version 12.00
# Visual Studio Version 17
VisualStudioVersion = 17.2.32519.379
MinimumVisualStudioVersion = 10.0.40219.1
Project("{9A19103F-16F7-4668-BE54-9A1E7A4F7556}") = "RubiksCubeChallenge", "RubiksCubeChallenge\RubiksCubeChallenge.csproj", "{4D4EEEF3-EB04-415D-B1EC-B160CAEAF812}"
EndProject
Project("{FAE04EC0-301F-11D3-BF4B-00C04F79EFBC}") = "RubiksCubeChallenge.UnitTests", "RubiksCubeChallenge.UnitTests\RubiksCubeChallenge.UnitTests.csproj", "{BEB01E2B-ACF2-429F-934E-FCED3EFDCADE}"
EndProject
Global
	GlobalSection(SolutionConfigurationPlatforms) = preSolution
		Debug|Any CPU = Debug|Any CPU
		Release|Any CPU = Release|Any CPU
	EndGlobalSection
	GlobalSection(ProjectConfigurationPlatforms) = postSolution
		{4D4EEEF3-EB04-415D-B1EC-B160CAEAF812}.Debug|Any CPU.ActiveCfg = Debug|Any CPU
		{4D4EEEF3-EB04-415D-B1EC-B160CAEAF812}.Debug|Any CPU.Build.0 = Debug|Any CPU
		{4D4EEEF3-EB04-415D-B1EC-B160CAEAF812}.Release|Any CPU.ActiveCfg = Release|Any CPU
		{4D4EEEF3-EB04-415D-B1EC-B160CAEAF812}.Release|Any CPU.Build.0 = Release|Any CPU
		{BEB01E2B-ACF2-429F-934E-FCED3EFDCADE}.Debug|Any CPU.ActiveCfg = Debug|Any CPU
		{BEB01E2B-ACF2-429F-934E-FCED3EFDCADE}.Debug|Any CPU.Build.0 = Debug|Any CPU
		{BEB01E2B-ACF2-429F-934E-FCED3EFDCADE}.Release|Any CPU.ActiveCfg = Release|Any CPU
		{BEB01E2B-ACF2-429F-934E-FCED3EFDCADE}.Release|Any CPU.Build.0 = Release|Any CPU
	EndGlobalSection
	GlobalSection(SolutionProperties) = preSolution
		HideSolutionNode = FALSE
	EndGlobalSection
	GlobalSection(ExtensibilityGlobals) = postSolution
		SolutionGuid = {F467D3F1-C6C6-4292-BF48-C5E659AFF2BD}
	EndGlobalSection
EndGlobal
